// !$*UTF8*$!
{
	archiveVersion = 1;
	classes = {
	};
	objectVersion = 46;
	objects = {

/* Begin PBXBuildFile section */
		E413000E1ED91A9B00476ED2 /* AppDelegate.swift in Sources */ = {isa = PBXBuildFile; fileRef = E413000D1ED91A9B00476ED2 /* AppDelegate.swift */; };
		E41300101ED91A9B00476ED2 /* ViewController.swift in Sources */ = {isa = PBXBuildFile; fileRef = E413000F1ED91A9B00476ED2 /* ViewController.swift */; };
		E41300131ED91A9B00476ED2 /* Main.storyboard in Resources */ = {isa = PBXBuildFile; fileRef = E41300111ED91A9B00476ED2 /* Main.storyboard */; };
		E41300151ED91A9B00476ED2 /* Assets.xcassets in Resources */ = {isa = PBXBuildFile; fileRef = E41300141ED91A9B00476ED2 /* Assets.xcassets */; };
		E41300181ED91A9B00476ED2 /* LaunchScreen.storyboard in Resources */ = {isa = PBXBuildFile; fileRef = E41300161ED91A9B00476ED2 /* LaunchScreen.storyboard */; };
		E41300231ED91A9B00476ED2 /* SpineAppTests.swift in Sources */ = {isa = PBXBuildFile; fileRef = E41300221ED91A9B00476ED2 /* SpineAppTests.swift */; };
		E413002E1ED91A9B00476ED2 /* SpineAppUITests.swift in Sources */ = {isa = PBXBuildFile; fileRef = E413002D1ED91A9B00476ED2 /* SpineAppUITests.swift */; };
		E413003C1EDA559600476ED2 /* Predictor.swift in Sources */ = {isa = PBXBuildFile; fileRef = E413003B1EDA559600476ED2 /* Predictor.swift */; };
		E413003E1EDA5B4500476ED2 /* Outcome.swift in Sources */ = {isa = PBXBuildFile; fileRef = E413003D1EDA5B4500476ED2 /* Outcome.swift */; };
/* End PBXBuildFile section */

/* Begin PBXContainerItemProxy section */
		E413001F1ED91A9B00476ED2 /* PBXContainerItemProxy */ = {
			isa = PBXContainerItemProxy;
			containerPortal = E41300021ED91A9B00476ED2 /* Project object */;
			proxyType = 1;
			remoteGlobalIDString = E41300091ED91A9B00476ED2;
			remoteInfo = SpineApp;
		};
		E413002A1ED91A9B00476ED2 /* PBXContainerItemProxy */ = {
			isa = PBXContainerItemProxy;
			containerPortal = E41300021ED91A9B00476ED2 /* Project object */;
			proxyType = 1;
			remoteGlobalIDString = E41300091ED91A9B00476ED2;
			remoteInfo = SpineApp;
		};
/* End PBXContainerItemProxy section */

/* Begin PBXFileReference section */
		E413000A1ED91A9B00476ED2 /* SpineApp.app */ = {isa = PBXFileReference; explicitFileType = wrapper.application; includeInIndex = 0; path = SpineApp.app; sourceTree = BUILT_PRODUCTS_DIR; };
		E413000D1ED91A9B00476ED2 /* AppDelegate.swift */ = {isa = PBXFileReference; lastKnownFileType = sourcecode.swift; path = AppDelegate.swift; sourceTree = "<group>"; };
		E413000F1ED91A9B00476ED2 /* ViewController.swift */ = {isa = PBXFileReference; lastKnownFileType = sourcecode.swift; path = ViewController.swift; sourceTree = "<group>"; };
		E41300121ED91A9B00476ED2 /* Base */ = {isa = PBXFileReference; lastKnownFileType = file.storyboard; name = Base; path = Base.lproj/Main.storyboard; sourceTree = "<group>"; };
		E41300141ED91A9B00476ED2 /* Assets.xcassets */ = {isa = PBXFileReference; lastKnownFileType = folder.assetcatalog; path = Assets.xcassets; sourceTree = "<group>"; };
		E41300171ED91A9B00476ED2 /* Base */ = {isa = PBXFileReference; lastKnownFileType = file.storyboard; name = Base; path = Base.lproj/LaunchScreen.storyboard; sourceTree = "<group>"; };
		E41300191ED91A9B00476ED2 /* Info.plist */ = {isa = PBXFileReference; lastKnownFileType = text.plist.xml; path = Info.plist; sourceTree = "<group>"; };
		E413001E1ED91A9B00476ED2 /* SpineAppTests.xctest */ = {isa = PBXFileReference; explicitFileType = wrapper.cfbundle; includeInIndex = 0; path = SpineAppTests.xctest; sourceTree = BUILT_PRODUCTS_DIR; };
		E41300221ED91A9B00476ED2 /* SpineAppTests.swift */ = {isa = PBXFileReference; lastKnownFileType = sourcecode.swift; path = SpineAppTests.swift; sourceTree = "<group>"; };
		E41300241ED91A9B00476ED2 /* Info.plist */ = {isa = PBXFileReference; lastKnownFileType = text.plist.xml; path = Info.plist; sourceTree = "<group>"; };
		E41300291ED91A9B00476ED2 /* SpineAppUITests.xctest */ = {isa = PBXFileReference; explicitFileType = wrapper.cfbundle; includeInIndex = 0; path = SpineAppUITests.xctest; sourceTree = BUILT_PRODUCTS_DIR; };
		E413002D1ED91A9B00476ED2 /* SpineAppUITests.swift */ = {isa = PBXFileReference; lastKnownFileType = sourcecode.swift; path = SpineAppUITests.swift; sourceTree = "<group>"; };
		E413002F1ED91A9B00476ED2 /* Info.plist */ = {isa = PBXFileReference; lastKnownFileType = text.plist.xml; path = Info.plist; sourceTree = "<group>"; };
		E413003B1EDA559600476ED2 /* Predictor.swift */ = {isa = PBXFileReference; fileEncoding = 4; lastKnownFileType = sourcecode.swift; path = Predictor.swift; sourceTree = "<group>"; };
		E413003D1EDA5B4500476ED2 /* Outcome.swift */ = {isa = PBXFileReference; fileEncoding = 4; lastKnownFileType = sourcecode.swift; path = Outcome.swift; sourceTree = "<group>"; };
/* End PBXFileReference section */

/* Begin PBXFrameworksBuildPhase section */
		E41300071ED91A9B00476ED2 /* Frameworks */ = {
			isa = PBXFrameworksBuildPhase;
			buildActionMask = 2147483647;
			files = (
			);
			runOnlyForDeploymentPostprocessing = 0;
		};
		E413001B1ED91A9B00476ED2 /* Frameworks */ = {
			isa = PBXFrameworksBuildPhase;
			buildActionMask = 2147483647;
			files = (
			);
			runOnlyForDeploymentPostprocessing = 0;
		};
		E41300261ED91A9B00476ED2 /* Frameworks */ = {
			isa = PBXFrameworksBuildPhase;
			buildActionMask = 2147483647;
			files = (
			);
			runOnlyForDeploymentPostprocessing = 0;
		};
/* End PBXFrameworksBuildPhase section */

/* Begin PBXGroup section */
		E41300011ED91A9B00476ED2 = {
			isa = PBXGroup;
			children = (
				E413000C1ED91A9B00476ED2 /* SpineApp */,
				E41300211ED91A9B00476ED2 /* SpineAppTests */,
				E413002C1ED91A9B00476ED2 /* SpineAppUITests */,
				E413000B1ED91A9B00476ED2 /* Products */,
			);
			sourceTree = "<group>";
		};
		E413000B1ED91A9B00476ED2 /* Products */ = {
			isa = PBXGroup;
			children = (
				E413000A1ED91A9B00476ED2 /* SpineApp.app */,
				E413001E1ED91A9B00476ED2 /* SpineAppTests.xctest */,
				E41300291ED91A9B00476ED2 /* SpineAppUITests.xctest */,
			);
			name = Products;
			sourceTree = "<group>";
		};
		E413000C1ED91A9B00476ED2 /* SpineApp */ = {
			isa = PBXGroup;
			children = (
				E413000D1ED91A9B00476ED2 /* AppDelegate.swift */,
				E413000F1ED91A9B00476ED2 /* ViewController.swift */,
				E413003B1EDA559600476ED2 /* Predictor.swift */,
				E413003D1EDA5B4500476ED2 /* Outcome.swift */,
				E41300111ED91A9B00476ED2 /* Main.storyboard */,
				E41300141ED91A9B00476ED2 /* Assets.xcassets */,
				E41300161ED91A9B00476ED2 /* LaunchScreen.storyboard */,
				E41300191ED91A9B00476ED2 /* Info.plist */,
			);
			path = SpineApp;
			sourceTree = "<group>";
		};
		E41300211ED91A9B00476ED2 /* SpineAppTests */ = {
			isa = PBXGroup;
			children = (
				E41300221ED91A9B00476ED2 /* SpineAppTests.swift */,
				E41300241ED91A9B00476ED2 /* Info.plist */,
			);
			path = SpineAppTests;
			sourceTree = "<group>";
		};
		E413002C1ED91A9B00476ED2 /* SpineAppUITests */ = {
			isa = PBXGroup;
			children = (
				E413002D1ED91A9B00476ED2 /* SpineAppUITests.swift */,
				E413002F1ED91A9B00476ED2 /* Info.plist */,
			);
			path = SpineAppUITests;
			sourceTree = "<group>";
		};
/* End PBXGroup section */

/* Begin PBXNativeTarget section */
		E41300091ED91A9B00476ED2 /* SpineApp */ = {
			isa = PBXNativeTarget;
			buildConfigurationList = E41300321ED91A9B00476ED2 /* Build configuration list for PBXNativeTarget "SpineApp" */;
			buildPhases = (
				E41300061ED91A9B00476ED2 /* Sources */,
				E41300071ED91A9B00476ED2 /* Frameworks */,
				E41300081ED91A9B00476ED2 /* Resources */,
			);
			buildRules = (
			);
			dependencies = (
			);
			name = SpineApp;
			productName = SpineApp;
			productReference = E413000A1ED91A9B00476ED2 /* SpineApp.app */;
			productType = "com.apple.product-type.application";
		};
		E413001D1ED91A9B00476ED2 /* SpineAppTests */ = {
			isa = PBXNativeTarget;
			buildConfigurationList = E41300351ED91A9B00476ED2 /* Build configuration list for PBXNativeTarget "SpineAppTests" */;
			buildPhases = (
				E413001A1ED91A9B00476ED2 /* Sources */,
				E413001B1ED91A9B00476ED2 /* Frameworks */,
				E413001C1ED91A9B00476ED2 /* Resources */,
			);
			buildRules = (
			);
			dependencies = (
				E41300201ED91A9B00476ED2 /* PBXTargetDependency */,
			);
			name = SpineAppTests;
			productName = SpineAppTests;
			productReference = E413001E1ED91A9B00476ED2 /* SpineAppTests.xctest */;
			productType = "com.apple.product-type.bundle.unit-test";
		};
		E41300281ED91A9B00476ED2 /* SpineAppUITests */ = {
			isa = PBXNativeTarget;
			buildConfigurationList = E41300381ED91A9B00476ED2 /* Build configuration list for PBXNativeTarget "SpineAppUITests" */;
			buildPhases = (
				E41300251ED91A9B00476ED2 /* Sources */,
				E41300261ED91A9B00476ED2 /* Frameworks */,
				E41300271ED91A9B00476ED2 /* Resources */,
			);
			buildRules = (
			);
			dependencies = (
				E413002B1ED91A9B00476ED2 /* PBXTargetDependency */,
			);
			name = SpineAppUITests;
			productName = SpineAppUITests;
			productReference = E41300291ED91A9B00476ED2 /* SpineAppUITests.xctest */;
			productType = "com.apple.product-type.bundle.ui-testing";
		};
/* End PBXNativeTarget section */

/* Begin PBXProject section */
		E41300021ED91A9B00476ED2 /* Project object */ = {
			isa = PBXProject;
			attributes = {
				LastSwiftUpdateCheck = 0830;
				LastUpgradeCheck = 0830;
				ORGANIZATIONNAME = "Peter Cerhan";
				TargetAttributes = {
					E41300091ED91A9B00476ED2 = {
						CreatedOnToolsVersion = 8.3.2;
						DevelopmentTeam = GS9V63QRBV;
						ProvisioningStyle = Automatic;
					};
					E413001D1ED91A9B00476ED2 = {
						CreatedOnToolsVersion = 8.3.2;
						DevelopmentTeam = GS9V63QRBV;
						ProvisioningStyle = Automatic;
						TestTargetID = E41300091ED91A9B00476ED2;
					};
					E41300281ED91A9B00476ED2 = {
						CreatedOnToolsVersion = 8.3.2;
						DevelopmentTeam = GS9V63QRBV;
						ProvisioningStyle = Automatic;
						TestTargetID = E41300091ED91A9B00476ED2;
					};
				};
			};
			buildConfigurationList = E41300051ED91A9B00476ED2 /* Build configuration list for PBXProject "SpineApp" */;
			compatibilityVersion = "Xcode 3.2";
			developmentRegion = English;
			hasScannedForEncodings = 0;
			knownRegions = (
				en,
				Base,
			);
			mainGroup = E41300011ED91A9B00476ED2;
			productRefGroup = E413000B1ED91A9B00476ED2 /* Products */;
			projectDirPath = "";
			projectRoot = "";
			targets = (
				E41300091ED91A9B00476ED2 /* SpineApp */,
				E413001D1ED91A9B00476ED2 /* SpineAppTests */,
				E41300281ED91A9B00476ED2 /* SpineAppUITests */,
			);
		};
/* End PBXProject section */

/* Begin PBXResourcesBuildPhase section */
		E41300081ED91A9B00476ED2 /* Resources */ = {
			isa = PBXResourcesBuildPhase;
			buildActionMask = 2147483647;
			files = (
				E41300181ED91A9B00476ED2 /* LaunchScreen.storyboard in Resources */,
				E41300151ED91A9B00476ED2 /* Assets.xcassets in Resources */,
				E41300131ED91A9B00476ED2 /* Main.storyboard in Resources */,
			);
			runOnlyForDeploymentPostprocessing = 0;
		};
		E413001C1ED91A9B00476ED2 /* Resources */ = {
			isa = PBXResourcesBuildPhase;
			buildActionMask = 2147483647;
			files = (
			);
			runOnlyForDeploymentPostprocessing = 0;
		};
		E41300271ED91A9B00476ED2 /* Resources */ = {
			isa = PBXResourcesBuildPhase;
			buildActionMask = 2147483647;
			files = (
			);
			runOnlyForDeploymentPostprocessing = 0;
		};
/* End PBXResourcesBuildPhase section */

/* Begin PBXSourcesBuildPhase section */
		E41300061ED91A9B00476ED2 /* Sources */ = {
			isa = PBXSourcesBuildPhase;
			buildActionMask = 2147483647;
			files = (
				E413003E1EDA5B4500476ED2 /* Outcome.swift in Sources */,
				E41300101ED91A9B00476ED2 /* ViewController.swift in Sources */,
				E413003C1EDA559600476ED2 /* Predictor.swift in Sources */,
				E413000E1ED91A9B00476ED2 /* AppDelegate.swift in Sources */,
			);
			runOnlyForDeploymentPostprocessing = 0;
		};
		E413001A1ED91A9B00476ED2 /* Sources */ = {
			isa = PBXSourcesBuildPhase;
			buildActionMask = 2147483647;
			files = (
				E41300231ED91A9B00476ED2 /* SpineAppTests.swift in Sources */,
			);
			runOnlyForDeploymentPostprocessing = 0;
		};
		E41300251ED91A9B00476ED2 /* Sources */ = {
			isa = PBXSourcesBuildPhase;
			buildActionMask = 2147483647;
			files = (
				E413002E1ED91A9B00476ED2 /* SpineAppUITests.swift in Sources */,
			);
			runOnlyForDeploymentPostprocessing = 0;
		};
/* End PBXSourcesBuildPhase section */

/* Begin PBXTargetDependency section */
		E41300201ED91A9B00476ED2 /* PBXTargetDependency */ = {
			isa = PBXTargetDependency;
			target = E41300091ED91A9B00476ED2 /* SpineApp */;
			targetProxy = E413001F1ED91A9B00476ED2 /* PBXContainerItemProxy */;
		};
		E413002B1ED91A9B00476ED2 /* PBXTargetDependency */ = {
			isa = PBXTargetDependency;
			target = E41300091ED91A9B00476ED2 /* SpineApp */;
			targetProxy = E413002A1ED91A9B00476ED2 /* PBXContainerItemProxy */;
		};
/* End PBXTargetDependency section */

/* Begin PBXVariantGroup section */
		E41300111ED91A9B00476ED2 /* Main.storyboard */ = {
			isa = PBXVariantGroup;
			children = (
				E41300121ED91A9B00476ED2 /* Base */,
			);
			name = Main.storyboard;
			sourceTree = "<group>";
		};
		E41300161ED91A9B00476ED2 /* LaunchScreen.storyboard */ = {
			isa = PBXVariantGroup;
			children = (
				E41300171ED91A9B00476ED2 /* Base */,
			);
			name = LaunchScreen.storyboard;
			sourceTree = "<group>";
		};
/* End PBXVariantGroup section */

/* Begin XCBuildConfiguration section */
		E41300301ED91A9B00476ED2 /* Debug */ = {
			isa = XCBuildConfiguration;
			buildSettings = {
				ALWAYS_SEARCH_USER_PATHS = NO;
				CLANG_ANALYZER_NONNULL = YES;
				CLANG_ANALYZER_NUMBER_OBJECT_CONVERSION = YES_AGGRESSIVE;
				CLANG_CXX_LANGUAGE_STANDARD = "gnu++0x";
				CLANG_CXX_LIBRARY = "libc++";
				CLANG_ENABLE_MODULES = YES;
				CLANG_ENABLE_OBJC_ARC = YES;
				CLANG_WARN_BOOL_CONVERSION = YES;
				CLANG_WARN_CONSTANT_CONVERSION = YES;
				CLANG_WARN_DIRECT_OBJC_ISA_USAGE = YES_ERROR;
				CLANG_WARN_DOCUMENTATION_COMMENTS = YES;
				CLANG_WARN_EMPTY_BODY = YES;
				CLANG_WARN_ENUM_CONVERSION = YES;
				CLANG_WARN_INFINITE_RECURSION = YES;
				CLANG_WARN_INT_CONVERSION = YES;
				CLANG_WARN_OBJC_ROOT_CLASS = YES_ERROR;
				CLANG_WARN_SUSPICIOUS_MOVE = YES;
				CLANG_WARN_UNREACHABLE_CODE = YES;
				CLANG_WARN__DUPLICATE_METHOD_MATCH = YES;
				"CODE_SIGN_IDENTITY[sdk=iphoneos*]" = "iPhone Developer";
				COPY_PHASE_STRIP = NO;
				DEBUG_INFORMATION_FORMAT = dwarf;
				ENABLE_STRICT_OBJC_MSGSEND = YES;
				ENABLE_TESTABILITY = YES;
				GCC_C_LANGUAGE_STANDARD = gnu99;
				GCC_DYNAMIC_NO_PIC = NO;
				GCC_NO_COMMON_BLOCKS = YES;
				GCC_OPTIMIZATION_LEVEL = 0;
				GCC_PREPROCESSOR_DEFINITIONS = (
					"DEBUG=1",
					"$(inherited)",
				);
				GCC_WARN_64_TO_32_BIT_CONVERSION = YES;
				GCC_WARN_ABOUT_RETURN_TYPE = YES_ERROR;
				GCC_WARN_UNDECLARED_SELECTOR = YES;
				GCC_WARN_UNINITIALIZED_AUTOS = YES_AGGRESSIVE;
				GCC_WARN_UNUSED_FUNCTION = YES;
				GCC_WARN_UNUSED_VARIABLE = YES;
				IPHONEOS_DEPLOYMENT_TARGET = 10.3;
				MTL_ENABLE_DEBUG_INFO = YES;
				ONLY_ACTIVE_ARCH = YES;
				SDKROOT = iphoneos;
				SWIFT_ACTIVE_COMPILATION_CONDITIONS = DEBUG;
				SWIFT_OPTIMIZATION_LEVEL = "-Onone";
			};
			name = Debug;
		};
		E41300311ED91A9B00476ED2 /* Release */ = {
			isa = XCBuildConfiguration;
			buildSettings = {
				ALWAYS_SEARCH_USER_PATHS = NO;
				CLANG_ANALYZER_NONNULL = YES;
				CLANG_ANALYZER_NUMBER_OBJECT_CONVERSION = YES_AGGRESSIVE;
				CLANG_CXX_LANGUAGE_STANDARD = "gnu++0x";
				CLANG_CXX_LIBRARY = "libc++";
				CLANG_ENABLE_MODULES = YES;
				CLANG_ENABLE_OBJC_ARC = YES;
				CLANG_WARN_BOOL_CONVERSION = YES;
				CLANG_WARN_CONSTANT_CONVERSION = YES;
				CLANG_WARN_DIRECT_OBJC_ISA_USAGE = YES_ERROR;
				CLANG_WARN_DOCUMENTATION_COMMENTS = YES;
				CLANG_WARN_EMPTY_BODY = YES;
				CLANG_WARN_ENUM_CONVERSION = YES;
				CLANG_WARN_INFINITE_RECURSION = YES;
				CLANG_WARN_INT_CONVERSION = YES;
				CLANG_WARN_OBJC_ROOT_CLASS = YES_ERROR;
				CLANG_WARN_SUSPICIOUS_MOVE = YES;
				CLANG_WARN_UNREACHABLE_CODE = YES;
				CLANG_WARN__DUPLICATE_METHOD_MATCH = YES;
				"CODE_SIGN_IDENTITY[sdk=iphoneos*]" = "iPhone Developer";
				COPY_PHASE_STRIP = NO;
				DEBUG_INFORMATION_FORMAT = "dwarf-with-dsym";
				ENABLE_NS_ASSERTIONS = NO;
				ENABLE_STRICT_OBJC_MSGSEND = YES;
				GCC_C_LANGUAGE_STANDARD = gnu99;
				GCC_NO_COMMON_BLOCKS = YES;
				GCC_WARN_64_TO_32_BIT_CONVERSION = YES;
				GCC_WARN_ABOUT_RETURN_TYPE = YES_ERROR;
				GCC_WARN_UNDECLARED_SELECTOR = YES;
				GCC_WARN_UNINITIALIZED_AUTOS = YES_AGGRESSIVE;
				GCC_WARN_UNUSED_FUNCTION = YES;
				GCC_WARN_UNUSED_VARIABLE = YES;
				IPHONEOS_DEPLOYMENT_TARGET = 10.3;
				MTL_ENABLE_DEBUG_INFO = NO;
				SDKROOT = iphoneos;
				SWIFT_OPTIMIZATION_LEVEL = "-Owholemodule";
				VALIDATE_PRODUCT = YES;
			};
			name = Release;
		};
		E41300331ED91A9B00476ED2 /* Debug */ = {
			isa = XCBuildConfiguration;
			buildSettings = {
				ASSETCATALOG_COMPILER_APPICON_NAME = AppIcon;
				DEVELOPMENT_TEAM = GS9V63QRBV;
				INFOPLIST_FILE = SpineApp/Info.plist;
				LD_RUNPATH_SEARCH_PATHS = "$(inherited) @executable_path/Frameworks";
				PRODUCT_BUNDLE_IDENTIFIER = com.cerhan.SpineApp;
				PRODUCT_NAME = "$(TARGET_NAME)";
				SWIFT_VERSION = 3.0;
			};
			name = Debug;
		};
		E41300341ED91A9B00476ED2 /* Release */ = {
			isa = XCBuildConfiguration;
			buildSettings = {
				ASSETCATALOG_COMPILER_APPICON_NAME = AppIcon;
				DEVELOPMENT_TEAM = GS9V63QRBV;
				INFOPLIST_FILE = SpineApp/Info.plist;
				LD_RUNPATH_SEARCH_PATHS = "$(inherited) @executable_path/Frameworks";
				PRODUCT_BUNDLE_IDENTIFIER = com.cerhan.SpineApp;
				PRODUCT_NAME = "$(TARGET_NAME)";
				SWIFT_VERSION = 3.0;
			};
			name = Release;
		};
		E41300361ED91A9B00476ED2 /* Debug */ = {
			isa = XCBuildConfiguration;
			buildSettings = {
				ALWAYS_EMBED_SWIFT_STANDARD_LIBRARIES = YES;
				BUNDLE_LOADER = "$(TEST_HOST)";
				DEVELOPMENT_TEAM = GS9V63QRBV;
				INFOPLIST_FILE = SpineAppTests/Info.plist;
				LD_RUNPATH_SEARCH_PATHS = "$(inherited) @executable_path/Frameworks @loader_path/Frameworks";
				PRODUCT_BUNDLE_IDENTIFIER = com.cerhan.SpineAppTests;
				PRODUCT_NAME = "$(TARGET_NAME)";
				SWIFT_VERSION = 3.0;
				TEST_HOST = "$(BUILT_PRODUCTS_DIR)/SpineApp.app/SpineApp";
			};
			name = Debug;
		};
		E41300371ED91A9B00476ED2 /* Release */ = {
			isa = XCBuildConfiguration;
			buildSettings = {
				ALWAYS_EMBED_SWIFT_STANDARD_LIBRARIES = YES;
				BUNDLE_LOADER = "$(TEST_HOST)";
				DEVELOPMENT_TEAM = GS9V63QRBV;
				INFOPLIST_FILE = SpineAppTests/Info.plist;
				LD_RUNPATH_SEARCH_PATHS = "$(inherited) @executable_path/Frameworks @loader_path/Frameworks";
				PRODUCT_BUNDLE_IDENTIFIER = com.cerhan.SpineAppTests;
				PRODUCT_NAME = "$(TARGET_NAME)";
				SWIFT_VERSION = 3.0;
				TEST_HOST = "$(BUILT_PRODUCTS_DIR)/SpineApp.app/SpineApp";
			};
			name = Release;
		};
		E41300391ED91A9B00476ED2 /* Debug */ = {
			isa = XCBuildConfiguration;
			buildSettings = {
				ALWAYS_EMBED_SWIFT_STANDARD_LIBRARIES = YES;
				DEVELOPMENT_TEAM = GS9V63QRBV;
				INFOPLIST_FILE = SpineAppUITests/Info.plist;
				LD_RUNPATH_SEARCH_PATHS = "$(inherited) @executable_path/Frameworks @loader_path/Frameworks";
				PRODUCT_BUNDLE_IDENTIFIER = com.cerhan.SpineAppUITests;
				PRODUCT_NAME = "$(TARGET_NAME)";
				SWIFT_VERSION = 3.0;
				TEST_TARGET_NAME = SpineApp;
			};
			name = Debug;
		};
		E413003A1ED91A9B00476ED2 /* Release */ = {
			isa = XCBuildConfiguration;
			buildSettings = {
				ALWAYS_EMBED_SWIFT_STANDARD_LIBRARIES = YES;
				DEVELOPMENT_TEAM = GS9V63QRBV;
				INFOPLIST_FILE = SpineAppUITests/Info.plist;
				LD_RUNPATH_SEARCH_PATHS = "$(inherited) @executable_path/Frameworks @loader_path/Frameworks";
				PRODUCT_BUNDLE_IDENTIFIER = com.cerhan.SpineAppUITests;
				PRODUCT_NAME = "$(TARGET_NAME)";
				SWIFT_VERSION = 3.0;
				TEST_TARGET_NAME = SpineApp;
			};
			name = Release;
		};
/* End XCBuildConfiguration section */

/* Begin XCConfigurationList section */
		E41300051ED91A9B00476ED2 /* Build configuration list for PBXProject "SpineApp" */ = {
			isa = XCConfigurationList;
			buildConfigurations = (
				E41300301ED91A9B00476ED2 /* Debug */,
				E41300311ED91A9B00476ED2 /* Release */,
			);
			defaultConfigurationIsVisible = 0;
			defaultConfigurationName = Release;
		};
		E41300321ED91A9B00476ED2 /* Build configuration list for PBXNativeTarget "SpineApp" */ = {
			isa = XCConfigurationList;
			buildConfigurations = (
				E41300331ED91A9B00476ED2 /* Debug */,
				E41300341ED91A9B00476ED2 /* Release */,
			);
			defaultConfigurationIsVisible = 0;
		};
		E41300351ED91A9B00476ED2 /* Build configuration list for PBXNativeTarget "SpineAppTests" */ = {
			isa = XCConfigurationList;
			buildConfigurations = (
				E41300361ED91A9B00476ED2 /* Debug */,
				E41300371ED91A9B00476ED2 /* Release */,
			);
			defaultConfigurationIsVisible = 0;
		};
		E41300381ED91A9B00476ED2 /* Build configuration list for PBXNativeTarget "SpineAppUITests" */ = {
			isa = XCConfigurationList;
			buildConfigurations = (
				E41300391ED91A9B00476ED2 /* Debug */,
				E413003A1ED91A9B00476ED2 /* Release */,
			);
			defaultConfigurationIsVisible = 0;
		};
/* End XCConfigurationList section */
	};
	rootObject = E41300021ED91A9B00476ED2 /* Project object */;
}
